
Microsoft Visual Studio Solution File, Format Version 12.00
# Visual Studio Version 16
VisualStudioVersion = 16.0.31402.337
MinimumVisualStudioVersion = 10.0.40219.1
Project("{FAE04EC0-301F-11D3-BF4B-00C04F79EFBC}") = "Kurs", "Kurs\Kurs.csproj", "{7A715972-7970-4D12-82DF-D115536A03D0}"
EndProject
Global
	GlobalSection(SolutionConfigurationPlatforms) = preSolution
		Debug|Any CPU = Debug|Any CPU
		Release|Any CPU = Release|Any CPU
	EndGlobalSection
	GlobalSection(ProjectConfigurationPlatforms) = postSolution
		{7A715972-7970-4D12-82DF-D115536A03D0}.Debug|Any CPU.ActiveCfg = Debug|Any CPU
		{7A715972-7970-4D12-82DF-D115536A03D0}.Debug|Any CPU.Build.0 = Debug|Any CPU
		{7A715972-7970-4D12-82DF-D115536A03D0}.Release|Any CPU.ActiveCfg = Release|Any CPU
		{7A715972-7970-4D12-82DF-D115536A03D0}.Release|Any CPU.Build.0 = Release|Any CPU
	EndGlobalSection
	GlobalSection(SolutionProperties) = preSolution
		HideSolutionNode = FALSE
	EndGlobalSection
	GlobalSection(ExtensibilityGlobals) = postSolution
		SolutionGuid = {A9F49762-4326-4DAA-8F40-3EE2926912BC}
	EndGlobalSection
EndGlobal
